
Microsoft Visual Studio Solution File, Format Version 12.00
# Visual Studio Version 17
VisualStudioVersion = 17.6.33712.159
MinimumVisualStudioVersion = 10.0.40219.1
Project("{FAE04EC0-301F-11D3-BF4B-00C04F79EFBC}") = "ChatGPTMicroservice", "ChatGPTMicroservice.csproj", "{1C95CD03-0629-4C6B-83E3-723E3A845511}"
EndProject
Global
	GlobalSection(SolutionConfigurationPlatforms) = preSolution
		Debug|Any CPU = Debug|Any CPU
		Release|Any CPU = Release|Any CPU
	EndGlobalSection
	GlobalSection(ProjectConfigurationPlatforms) = postSolution
		{1C95CD03-0629-4C6B-83E3-723E3A845511}.Debug|Any CPU.ActiveCfg = Debug|Any CPU
		{1C95CD03-0629-4C6B-83E3-723E3A845511}.Debug|Any CPU.Build.0 = Debug|Any CPU
		{1C95CD03-0629-4C6B-83E3-723E3A845511}.Release|Any CPU.ActiveCfg = Release|Any CPU
		{1C95CD03-0629-4C6B-83E3-723E3A845511}.Release|Any CPU.Build.0 = Release|Any CPU
	EndGlobalSection
	GlobalSection(SolutionProperties) = preSolution
		HideSolutionNode = FALSE
	EndGlobalSection
	GlobalSection(ExtensibilityGlobals) = postSolution
		SolutionGuid = {C26FE171-6F91-4678-83FB-B5DBAE7B0C21}
	EndGlobalSection
EndGlobal
